// !$*UTF8*$!
{
	archiveVersion = 1;
	classes = {
	};
	objectVersion = 51;
	objects = {

/* Begin PBXBuildFile section */
		4740E3D5621783CC38EB9020 /* Pods_FlipFlopSDKSampleIOS_objc.framework in Frameworks */ = {isa = PBXBuildFile; fileRef = 45B9561649C998BE054A3739 /* Pods_FlipFlopSDKSampleIOS_objc.framework */; };
		8EA7C57624EB9AF1001B28C2 /* AppDelegate.m in Sources */ = {isa = PBXBuildFile; fileRef = 8EA7C57524EB9AF1001B28C2 /* AppDelegate.m */; };
		8EA7C57924EB9AF1001B28C2 /* SceneDelegate.m in Sources */ = {isa = PBXBuildFile; fileRef = 8EA7C57824EB9AF1001B28C2 /* SceneDelegate.m */; };
		8EA7C57C24EB9AF1001B28C2 /* ViewController.m in Sources */ = {isa = PBXBuildFile; fileRef = 8EA7C57B24EB9AF1001B28C2 /* ViewController.m */; };
		8EA7C57F24EB9AF1001B28C2 /* Main.storyboard in Resources */ = {isa = PBXBuildFile; fileRef = 8EA7C57D24EB9AF1001B28C2 /* Main.storyboard */; };
		8EA7C58124EB9AF2001B28C2 /* Assets.xcassets in Resources */ = {isa = PBXBuildFile; fileRef = 8EA7C58024EB9AF2001B28C2 /* Assets.xcassets */; };
		8EA7C58424EB9AF2001B28C2 /* LaunchScreen.storyboard in Resources */ = {isa = PBXBuildFile; fileRef = 8EA7C58224EB9AF2001B28C2 /* LaunchScreen.storyboard */; };
		8EA7C58724EB9AF2001B28C2 /* main.m in Sources */ = {isa = PBXBuildFile; fileRef = 8EA7C58624EB9AF2001B28C2 /* main.m */; };
		8EA7C58F24EB9BAD001B28C2 /* SimplePlayerViewController.m in Sources */ = {isa = PBXBuildFile; fileRef = 8EA7C58E24EB9BAD001B28C2 /* SimplePlayerViewController.m */; };
		8EA7C59224EB9BB7001B28C2 /* SimpleListPlayerViewController.m in Sources */ = {isa = PBXBuildFile; fileRef = 8EA7C59124EB9BB7001B28C2 /* SimpleListPlayerViewController.m */; };
		8EA7C59424EB9BD0001B28C2 /* PlayerCell.xib in Resources */ = {isa = PBXBuildFile; fileRef = 8EA7C59324EB9BD0001B28C2 /* PlayerCell.xib */; };
		8EA7C59724EB9BDA001B28C2 /* PlayerCell.m in Sources */ = {isa = PBXBuildFile; fileRef = 8EA7C59624EB9BDA001B28C2 /* PlayerCell.m */; };
/* End PBXBuildFile section */

/* Begin PBXFileReference section */
		0E451BD040E31EB7884A98DA /* Pods-FlipFlopSDKSampleIOS-objc.release.xcconfig */ = {isa = PBXFileReference; includeInIndex = 1; lastKnownFileType = text.xcconfig; name = "Pods-FlipFlopSDKSampleIOS-objc.release.xcconfig"; path = "Target Support Files/Pods-FlipFlopSDKSampleIOS-objc/Pods-FlipFlopSDKSampleIOS-objc.release.xcconfig"; sourceTree = "<group>"; };
		45B9561649C998BE054A3739 /* Pods_FlipFlopSDKSampleIOS_objc.framework */ = {isa = PBXFileReference; explicitFileType = wrapper.framework; includeInIndex = 0; path = Pods_FlipFlopSDKSampleIOS_objc.framework; sourceTree = BUILT_PRODUCTS_DIR; };
		4D7E8BBC7EB2C02D64B5F7F1 /* Pods-FlipFlopSDKSampleIOS-objc.debug.xcconfig */ = {isa = PBXFileReference; includeInIndex = 1; lastKnownFileType = text.xcconfig; name = "Pods-FlipFlopSDKSampleIOS-objc.debug.xcconfig"; path = "Target Support Files/Pods-FlipFlopSDKSampleIOS-objc/Pods-FlipFlopSDKSampleIOS-objc.debug.xcconfig"; sourceTree = "<group>"; };
		8EA7C57124EB9AF1001B28C2 /* FlipFlopSDKSampleIOS-objc.app */ = {isa = PBXFileReference; explicitFileType = wrapper.application; includeInIndex = 0; path = "FlipFlopSDKSampleIOS-objc.app"; sourceTree = BUILT_PRODUCTS_DIR; };
		8EA7C57424EB9AF1001B28C2 /* AppDelegate.h */ = {isa = PBXFileReference; lastKnownFileType = sourcecode.c.h; path = AppDelegate.h; sourceTree = "<group>"; };
		8EA7C57524EB9AF1001B28C2 /* AppDelegate.m */ = {isa = PBXFileReference; lastKnownFileType = sourcecode.c.objc; path = AppDelegate.m; sourceTree = "<group>"; };
		8EA7C57724EB9AF1001B28C2 /* SceneDelegate.h */ = {isa = PBXFileReference; lastKnownFileType = sourcecode.c.h; path = SceneDelegate.h; sourceTree = "<group>"; };
		8EA7C57824EB9AF1001B28C2 /* SceneDelegate.m */ = {isa = PBXFileReference; lastKnownFileType = sourcecode.c.objc; path = SceneDelegate.m; sourceTree = "<group>"; };
		8EA7C57A24EB9AF1001B28C2 /* ViewController.h */ = {isa = PBXFileReference; lastKnownFileType = sourcecode.c.h; path = ViewController.h; sourceTree = "<group>"; };
		8EA7C57B24EB9AF1001B28C2 /* ViewController.m */ = {isa = PBXFileReference; lastKnownFileType = sourcecode.c.objc; path = ViewController.m; sourceTree = "<group>"; };
		8EA7C57E24EB9AF1001B28C2 /* Base */ = {isa = PBXFileReference; lastKnownFileType = file.storyboard; name = Base; path = Base.lproj/Main.storyboard; sourceTree = "<group>"; };
		8EA7C58024EB9AF2001B28C2 /* Assets.xcassets */ = {isa = PBXFileReference; lastKnownFileType = folder.assetcatalog; path = Assets.xcassets; sourceTree = "<group>"; };
		8EA7C58324EB9AF2001B28C2 /* Base */ = {isa = PBXFileReference; lastKnownFileType = file.storyboard; name = Base; path = Base.lproj/LaunchScreen.storyboard; sourceTree = "<group>"; };
		8EA7C58524EB9AF2001B28C2 /* Info.plist */ = {isa = PBXFileReference; lastKnownFileType = text.plist.xml; path = Info.plist; sourceTree = "<group>"; };
		8EA7C58624EB9AF2001B28C2 /* main.m */ = {isa = PBXFileReference; lastKnownFileType = sourcecode.c.objc; path = main.m; sourceTree = "<group>"; };
		8EA7C58D24EB9BAD001B28C2 /* SimplePlayerViewController.h */ = {isa = PBXFileReference; lastKnownFileType = sourcecode.c.h; path = SimplePlayerViewController.h; sourceTree = "<group>"; };
		8EA7C58E24EB9BAD001B28C2 /* SimplePlayerViewController.m */ = {isa = PBXFileReference; lastKnownFileType = sourcecode.c.objc; path = SimplePlayerViewController.m; sourceTree = "<group>"; };
		8EA7C59024EB9BB7001B28C2 /* SimpleListPlayerViewController.h */ = {isa = PBXFileReference; lastKnownFileType = sourcecode.c.h; path = SimpleListPlayerViewController.h; sourceTree = "<group>"; };
		8EA7C59124EB9BB7001B28C2 /* SimpleListPlayerViewController.m */ = {isa = PBXFileReference; lastKnownFileType = sourcecode.c.objc; path = SimpleListPlayerViewController.m; sourceTree = "<group>"; };
		8EA7C59324EB9BD0001B28C2 /* PlayerCell.xib */ = {isa = PBXFileReference; lastKnownFileType = file.xib; path = PlayerCell.xib; sourceTree = "<group>"; };
		8EA7C59524EB9BDA001B28C2 /* PlayerCell.h */ = {isa = PBXFileReference; lastKnownFileType = sourcecode.c.h; path = PlayerCell.h; sourceTree = "<group>"; };
		8EA7C59624EB9BDA001B28C2 /* PlayerCell.m */ = {isa = PBXFileReference; lastKnownFileType = sourcecode.c.objc; path = PlayerCell.m; sourceTree = "<group>"; };
/* End PBXFileReference section */

/* Begin PBXFrameworksBuildPhase section */
		8EA7C56E24EB9AF1001B28C2 /* Frameworks */ = {
			isa = PBXFrameworksBuildPhase;
			buildActionMask = 2147483647;
			files = (
				4740E3D5621783CC38EB9020 /* Pods_FlipFlopSDKSampleIOS_objc.framework in Frameworks */,
			);
			runOnlyForDeploymentPostprocessing = 0;
		};
/* End PBXFrameworksBuildPhase section */

/* Begin PBXGroup section */
		530AD785900565D92E885600 /* Pods */ = {
			isa = PBXGroup;
			children = (
				4D7E8BBC7EB2C02D64B5F7F1 /* Pods-FlipFlopSDKSampleIOS-objc.debug.xcconfig */,
				0E451BD040E31EB7884A98DA /* Pods-FlipFlopSDKSampleIOS-objc.release.xcconfig */,
			);
			path = Pods;
			sourceTree = "<group>";
		};
		8EA7C56824EB9AF1001B28C2 = {
			isa = PBXGroup;
			children = (
				8EA7C57324EB9AF1001B28C2 /* FlipFlopSDKSampleIOS-objc */,
				8EA7C57224EB9AF1001B28C2 /* Products */,
				530AD785900565D92E885600 /* Pods */,
				BCD4AA18F7902664C4195771 /* Frameworks */,
			);
			sourceTree = "<group>";
		};
		8EA7C57224EB9AF1001B28C2 /* Products */ = {
			isa = PBXGroup;
			children = (
				8EA7C57124EB9AF1001B28C2 /* FlipFlopSDKSampleIOS-objc.app */,
			);
			name = Products;
			sourceTree = "<group>";
		};
		8EA7C57324EB9AF1001B28C2 /* FlipFlopSDKSampleIOS-objc */ = {
			isa = PBXGroup;
			children = (
				8EA7C57424EB9AF1001B28C2 /* AppDelegate.h */,
				8EA7C57524EB9AF1001B28C2 /* AppDelegate.m */,
				8EA7C57724EB9AF1001B28C2 /* SceneDelegate.h */,
				8EA7C57824EB9AF1001B28C2 /* SceneDelegate.m */,
				8EA7C57A24EB9AF1001B28C2 /* ViewController.h */,
				8EA7C57B24EB9AF1001B28C2 /* ViewController.m */,
				8EA7C57D24EB9AF1001B28C2 /* Main.storyboard */,
				8EA7C58024EB9AF2001B28C2 /* Assets.xcassets */,
				8EA7C58224EB9AF2001B28C2 /* LaunchScreen.storyboard */,
				8EA7C58524EB9AF2001B28C2 /* Info.plist */,
				8EA7C58624EB9AF2001B28C2 /* main.m */,
				8EA7C58D24EB9BAD001B28C2 /* SimplePlayerViewController.h */,
				8EA7C58E24EB9BAD001B28C2 /* SimplePlayerViewController.m */,
				8EA7C59024EB9BB7001B28C2 /* SimpleListPlayerViewController.h */,
				8EA7C59124EB9BB7001B28C2 /* SimpleListPlayerViewController.m */,
				8EA7C59524EB9BDA001B28C2 /* PlayerCell.h */,
				8EA7C59624EB9BDA001B28C2 /* PlayerCell.m */,
				8EA7C59324EB9BD0001B28C2 /* PlayerCell.xib */,
			);
			path = "FlipFlopSDKSampleIOS-objc";
			sourceTree = "<group>";
		};
		BCD4AA18F7902664C4195771 /* Frameworks */ = {
			isa = PBXGroup;
			children = (
				45B9561649C998BE054A3739 /* Pods_FlipFlopSDKSampleIOS_objc.framework */,
			);
			name = Frameworks;
			sourceTree = "<group>";
		};
/* End PBXGroup section */

/* Begin PBXNativeTarget section */
		8EA7C57024EB9AF1001B28C2 /* FlipFlopSDKSampleIOS-objc */ = {
			isa = PBXNativeTarget;
			buildConfigurationList = 8EA7C58A24EB9AF2001B28C2 /* Build configuration list for PBXNativeTarget "FlipFlopSDKSampleIOS-objc" */;
			buildPhases = (
				BBA632E08F6384885D65C9BB /* [CP] Check Pods Manifest.lock */,
				8EA7C56D24EB9AF1001B28C2 /* Sources */,
				8EA7C56E24EB9AF1001B28C2 /* Frameworks */,
				8EA7C56F24EB9AF1001B28C2 /* Resources */,
				53576B4B3E1668B4D49B6D53 /* [CP] Embed Pods Frameworks */,
			);
			buildRules = (
			);
			dependencies = (
			);
			name = "FlipFlopSDKSampleIOS-objc";
			productName = "FlipFlopSDKSampleIOS-objc";
			productReference = 8EA7C57124EB9AF1001B28C2 /* FlipFlopSDKSampleIOS-objc.app */;
			productType = "com.apple.product-type.application";
		};
/* End PBXNativeTarget section */

/* Begin PBXProject section */
		8EA7C56924EB9AF1001B28C2 /* Project object */ = {
			isa = PBXProject;
			attributes = {
				LastUpgradeCheck = 1160;
				ORGANIZATIONNAME = "Jeon HyungGue";
				TargetAttributes = {
					8EA7C57024EB9AF1001B28C2 = {
						CreatedOnToolsVersion = 11.6;
					};
				};
			};
			buildConfigurationList = 8EA7C56C24EB9AF1001B28C2 /* Build configuration list for PBXProject "FlipFlopSDKSampleIOS-objc" */;
			compatibilityVersion = "Xcode 9.3";
			developmentRegion = en;
			hasScannedForEncodings = 0;
			knownRegions = (
				en,
				Base,
			);
			mainGroup = 8EA7C56824EB9AF1001B28C2;
			productRefGroup = 8EA7C57224EB9AF1001B28C2 /* Products */;
			projectDirPath = "";
			projectRoot = "";
			targets = (
				8EA7C57024EB9AF1001B28C2 /* FlipFlopSDKSampleIOS-objc */,
			);
		};
/* End PBXProject section */

/* Begin PBXResourcesBuildPhase section */
		8EA7C56F24EB9AF1001B28C2 /* Resources */ = {
			isa = PBXResourcesBuildPhase;
			buildActionMask = 2147483647;
			files = (
				8EA7C59424EB9BD0001B28C2 /* PlayerCell.xib in Resources */,
				8EA7C58424EB9AF2001B28C2 /* LaunchScreen.storyboard in Resources */,
				8EA7C58124EB9AF2001B28C2 /* Assets.xcassets in Resources */,
				8EA7C57F24EB9AF1001B28C2 /* Main.storyboard in Resources */,
			);
			runOnlyForDeploymentPostprocessing = 0;
		};
/* End PBXResourcesBuildPhase section */

/* Begin PBXShellScriptBuildPhase section */
		53576B4B3E1668B4D49B6D53 /* [CP] Embed Pods Frameworks */ = {
			isa = PBXShellScriptBuildPhase;
			buildActionMask = 2147483647;
			files = (
			);
			inputFileListPaths = (
				"${PODS_ROOT}/Target Support Files/Pods-FlipFlopSDKSampleIOS-objc/Pods-FlipFlopSDKSampleIOS-objc-frameworks-${CONFIGURATION}-input-files.xcfilelist",
			);
			name = "[CP] Embed Pods Frameworks";
			outputFileListPaths = (
				"${PODS_ROOT}/Target Support Files/Pods-FlipFlopSDKSampleIOS-objc/Pods-FlipFlopSDKSampleIOS-objc-frameworks-${CONFIGURATION}-output-files.xcfilelist",
			);
			runOnlyForDeploymentPostprocessing = 0;
			shellPath = /bin/sh;
			shellScript = "\"${PODS_ROOT}/Target Support Files/Pods-FlipFlopSDKSampleIOS-objc/Pods-FlipFlopSDKSampleIOS-objc-frameworks.sh\"\n";
			showEnvVarsInLog = 0;
		};
		BBA632E08F6384885D65C9BB /* [CP] Check Pods Manifest.lock */ = {
			isa = PBXShellScriptBuildPhase;
			buildActionMask = 2147483647;
			files = (
			);
			inputFileListPaths = (
			);
			inputPaths = (
				"${PODS_PODFILE_DIR_PATH}/Podfile.lock",
				"${PODS_ROOT}/Manifest.lock",
			);
			name = "[CP] Check Pods Manifest.lock";
			outputFileListPaths = (
			);
			outputPaths = (
				"$(DERIVED_FILE_DIR)/Pods-FlipFlopSDKSampleIOS-objc-checkManifestLockResult.txt",
			);
			runOnlyForDeploymentPostprocessing = 0;
			shellPath = /bin/sh;
			shellScript = "diff \"${PODS_PODFILE_DIR_PATH}/Podfile.lock\" \"${PODS_ROOT}/Manifest.lock\" > /dev/null\nif [ $? != 0 ] ; then\n    # print error to STDERR\n    echo \"error: The sandbox is not in sync with the Podfile.lock. Run 'pod install' or update your CocoaPods installation.\" >&2\n    exit 1\nfi\n# This output is used by Xcode 'outputs' to avoid re-running this script phase.\necho \"SUCCESS\" > \"${SCRIPT_OUTPUT_FILE_0}\"\n";
			showEnvVarsInLog = 0;
		};
/* End PBXShellScriptBuildPhase section */

/* Begin PBXSourcesBuildPhase section */
		8EA7C56D24EB9AF1001B28C2 /* Sources */ = {
			isa = PBXSourcesBuildPhase;
			buildActionMask = 2147483647;
			files = (
				8EA7C57C24EB9AF1001B28C2 /* ViewController.m in Sources */,
				8EA7C59724EB9BDA001B28C2 /* PlayerCell.m in Sources */,
				8EA7C58F24EB9BAD001B28C2 /* SimplePlayerViewController.m in Sources */,
				8EA7C59224EB9BB7001B28C2 /* SimpleListPlayerViewController.m in Sources */,
				8EA7C57624EB9AF1001B28C2 /* AppDelegate.m in Sources */,
				8EA7C58724EB9AF2001B28C2 /* main.m in Sources */,
				8EA7C57924EB9AF1001B28C2 /* SceneDelegate.m in Sources */,
			);
			runOnlyForDeploymentPostprocessing = 0;
		};
/* End PBXSourcesBuildPhase section */

/* Begin PBXVariantGroup section */
		8EA7C57D24EB9AF1001B28C2 /* Main.storyboard */ = {
			isa = PBXVariantGroup;
			children = (
				8EA7C57E24EB9AF1001B28C2 /* Base */,
			);
			name = Main.storyboard;
			sourceTree = "<group>";
		};
		8EA7C58224EB9AF2001B28C2 /* LaunchScreen.storyboard */ = {
			isa = PBXVariantGroup;
			children = (
				8EA7C58324EB9AF2001B28C2 /* Base */,
			);
			name = LaunchScreen.storyboard;
			sourceTree = "<group>";
		};
/* End PBXVariantGroup section */

/* Begin XCBuildConfiguration section */
		8EA7C58824EB9AF2001B28C2 /* Debug */ = {
			isa = XCBuildConfiguration;
			buildSettings = {
				ALWAYS_SEARCH_USER_PATHS = NO;
				CLANG_ANALYZER_NONNULL = YES;
				CLANG_ANALYZER_NUMBER_OBJECT_CONVERSION = YES_AGGRESSIVE;
				CLANG_CXX_LANGUAGE_STANDARD = "gnu++14";
				CLANG_CXX_LIBRARY = "libc++";
				CLANG_ENABLE_MODULES = YES;
				CLANG_ENABLE_OBJC_ARC = YES;
				CLANG_ENABLE_OBJC_WEAK = YES;
				CLANG_WARN_BLOCK_CAPTURE_AUTORELEASING = YES;
				CLANG_WARN_BOOL_CONVERSION = YES;
				CLANG_WARN_COMMA = YES;
				CLANG_WARN_CONSTANT_CONVERSION = YES;
				CLANG_WARN_DEPRECATED_OBJC_IMPLEMENTATIONS = YES;
				CLANG_WARN_DIRECT_OBJC_ISA_USAGE = YES_ERROR;
				CLANG_WARN_DOCUMENTATION_COMMENTS = YES;
				CLANG_WARN_EMPTY_BODY = YES;
				CLANG_WARN_ENUM_CONVERSION = YES;
				CLANG_WARN_INFINITE_RECURSION = YES;
				CLANG_WARN_INT_CONVERSION = YES;
				CLANG_WARN_NON_LITERAL_NULL_CONVERSION = YES;
				CLANG_WARN_OBJC_IMPLICIT_RETAIN_SELF = YES;
				CLANG_WARN_OBJC_LITERAL_CONVERSION = YES;
				CLANG_WARN_OBJC_ROOT_CLASS = YES_ERROR;
				CLANG_WARN_RANGE_LOOP_ANALYSIS = YES;
				CLANG_WARN_STRICT_PROTOTYPES = YES;
				CLANG_WARN_SUSPICIOUS_MOVE = YES;
				CLANG_WARN_UNGUARDED_AVAILABILITY = YES_AGGRESSIVE;
				CLANG_WARN_UNREACHABLE_CODE = YES;
				CLANG_WARN__DUPLICATE_METHOD_MATCH = YES;
				COPY_PHASE_STRIP = NO;
				DEBUG_INFORMATION_FORMAT = dwarf;
				ENABLE_STRICT_OBJC_MSGSEND = YES;
				ENABLE_TESTABILITY = YES;
				GCC_C_LANGUAGE_STANDARD = gnu11;
				GCC_DYNAMIC_NO_PIC = NO;
				GCC_NO_COMMON_BLOCKS = YES;
				GCC_OPTIMIZATION_LEVEL = 0;
				GCC_PREPROCESSOR_DEFINITIONS = (
					"DEBUG=1",
					"$(inherited)",
				);
				GCC_WARN_64_TO_32_BIT_CONVERSION = YES;
				GCC_WARN_ABOUT_RETURN_TYPE = YES_ERROR;
				GCC_WARN_UNDECLARED_SELECTOR = YES;
				GCC_WARN_UNINITIALIZED_AUTOS = YES_AGGRESSIVE;
				GCC_WARN_UNUSED_FUNCTION = YES;
				GCC_WARN_UNUSED_VARIABLE = YES;
				IPHONEOS_DEPLOYMENT_TARGET = 13.6;
				MTL_ENABLE_DEBUG_INFO = INCLUDE_SOURCE;
				MTL_FAST_MATH = YES;
				ONLY_ACTIVE_ARCH = YES;
				SDKROOT = iphoneos;
			};
			name = Debug;
		};
		8EA7C58924EB9AF2001B28C2 /* Release */ = {
			isa = XCBuildConfiguration;
			buildSettings = {
				ALWAYS_SEARCH_USER_PATHS = NO;
				CLANG_ANALYZER_NONNULL = YES;
				CLANG_ANALYZER_NUMBER_OBJECT_CONVERSION = YES_AGGRESSIVE;
				CLANG_CXX_LANGUAGE_STANDARD = "gnu++14";
				CLANG_CXX_LIBRARY = "libc++";
				CLANG_ENABLE_MODULES = YES;
				CLANG_ENABLE_OBJC_ARC = YES;
				CLANG_ENABLE_OBJC_WEAK = YES;
				CLANG_WARN_BLOCK_CAPTURE_AUTORELEASING = YES;
				CLANG_WARN_BOOL_CONVERSION = YES;
				CLANG_WARN_COMMA = YES;
				CLANG_WARN_CONSTANT_CONVERSION = YES;
				CLANG_WARN_DEPRECATED_OBJC_IMPLEMENTATIONS = YES;
				CLANG_WARN_DIRECT_OBJC_ISA_USAGE = YES_ERROR;
				CLANG_WARN_DOCUMENTATION_COMMENTS = YES;
				CLANG_WARN_EMPTY_BODY = YES;
				CLANG_WARN_ENUM_CONVERSION = YES;
				CLANG_WARN_INFINITE_RECURSION = YES;
				CLANG_WARN_INT_CONVERSION = YES;
				CLANG_WARN_NON_LITERAL_NULL_CONVERSION = YES;
				CLANG_WARN_OBJC_IMPLICIT_RETAIN_SELF = YES;
				CLANG_WARN_OBJC_LITERAL_CONVERSION = YES;
				CLANG_WARN_OBJC_ROOT_CLASS = YES_ERROR;
				CLANG_WARN_RANGE_LOOP_ANALYSIS = YES;
				CLANG_WARN_STRICT_PROTOTYPES = YES;
				CLANG_WARN_SUSPICIOUS_MOVE = YES;
				CLANG_WARN_UNGUARDED_AVAILABILITY = YES_AGGRESSIVE;
				CLANG_WARN_UNREACHABLE_CODE = YES;
				CLANG_WARN__DUPLICATE_METHOD_MATCH = YES;
				COPY_PHASE_STRIP = NO;
				DEBUG_INFORMATION_FORMAT = "dwarf-with-dsym";
				ENABLE_NS_ASSERTIONS = NO;
				ENABLE_STRICT_OBJC_MSGSEND = YES;
				GCC_C_LANGUAGE_STANDARD = gnu11;
				GCC_NO_COMMON_BLOCKS = YES;
				GCC_WARN_64_TO_32_BIT_CONVERSION = YES;
				GCC_WARN_ABOUT_RETURN_TYPE = YES_ERROR;
				GCC_WARN_UNDECLARED_SELECTOR = YES;
				GCC_WARN_UNINITIALIZED_AUTOS = YES_AGGRESSIVE;
				GCC_WARN_UNUSED_FUNCTION = YES;
				GCC_WARN_UNUSED_VARIABLE = YES;
				IPHONEOS_DEPLOYMENT_TARGET = 13.6;
				MTL_ENABLE_DEBUG_INFO = NO;
				MTL_FAST_MATH = YES;
				SDKROOT = iphoneos;
				VALIDATE_PRODUCT = YES;
			};
			name = Release;
		};
		8EA7C58B24EB9AF2001B28C2 /* Debug */ = {
			isa = XCBuildConfiguration;
			baseConfigurationReference = 4D7E8BBC7EB2C02D64B5F7F1 /* Pods-FlipFlopSDKSampleIOS-objc.debug.xcconfig */;
			buildSettings = {
				ASSETCATALOG_COMPILER_APPICON_NAME = AppIcon;
				CODE_SIGN_STYLE = Automatic;
				DEVELOPMENT_TEAM = 5CXMSK555F;
				ENABLE_BITCODE = NO;
				INFOPLIST_FILE = "FlipFlopSDKSampleIOS-objc/Info.plist";
				IPHONEOS_DEPLOYMENT_TARGET = 13.0;
				LD_RUNPATH_SEARCH_PATHS = (
					"$(inherited)",
					"@executable_path/Frameworks",
				);
				PRODUCT_BUNDLE_IDENTIFIER = "jocoos.FlipFlopSDKSampleIOS-objc";
				PRODUCT_NAME = "$(TARGET_NAME)";
				TARGETED_DEVICE_FAMILY = "1,2";
			};
			name = Debug;
		};
		8EA7C58C24EB9AF2001B28C2 /* Release */ = {
			isa = XCBuildConfiguration;
			baseConfigurationReference = 0E451BD040E31EB7884A98DA /* Pods-FlipFlopSDKSampleIOS-objc.release.xcconfig */;
			buildSettings = {
				ASSETCATALOG_COMPILER_APPICON_NAME = AppIcon;
				CODE_SIGN_STYLE = Automatic;
				DEVELOPMENT_TEAM = 5CXMSK555F;
				ENABLE_BITCODE = NO;
				INFOPLIST_FILE = "FlipFlopSDKSampleIOS-objc/Info.plist";
				IPHONEOS_DEPLOYMENT_TARGET = 13.0;
				LD_RUNPATH_SEARCH_PATHS = (
					"$(inherited)",
					"@executable_path/Frameworks",
				);
				PRODUCT_BUNDLE_IDENTIFIER = "jocoos.FlipFlopSDKSampleIOS-objc";
				PRODUCT_NAME = "$(TARGET_NAME)";
				TARGETED_DEVICE_FAMILY = "1,2";
			};
			name = Release;
		};
/* End XCBuildConfiguration section */

/* Begin XCConfigurationList section */
		8EA7C56C24EB9AF1001B28C2 /* Build configuration list for PBXProject "FlipFlopSDKSampleIOS-objc" */ = {
			isa = XCConfigurationList;
			buildConfigurations = (
				8EA7C58824EB9AF2001B28C2 /* Debug */,
				8EA7C58924EB9AF2001B28C2 /* Release */,
			);
			defaultConfigurationIsVisible = 0;
			defaultConfigurationName = Release;
		};
		8EA7C58A24EB9AF2001B28C2 /* Build configuration list for PBXNativeTarget "FlipFlopSDKSampleIOS-objc" */ = {
			isa = XCConfigurationList;
			buildConfigurations = (
				8EA7C58B24EB9AF2001B28C2 /* Debug */,
				8EA7C58C24EB9AF2001B28C2 /* Release */,
			);
			defaultConfigurationIsVisible = 0;
			defaultConfigurationName = Release;
		};
/* End XCConfigurationList section */
	};
	rootObject = 8EA7C56924EB9AF1001B28C2 /* Project object */;
}
